// !$*UTF8*$!
{
	archiveVersion = 1;
	classes = {
	};
	objectVersion = 46;
	objects = {

/* Begin PBXBuildFile section */
		753870981EBEEB6A00B70B6C /* AdaptiveThreshold.metal in Sources */ = {isa = PBXBuildFile; fileRef = 753870971EBEEB6A00B70B6C /* AdaptiveThreshold.metal */; };
		7538709A1EBF409200B70B6C /* AdaptiveThreshold.swift in Sources */ = {isa = PBXBuildFile; fileRef = 753870991EBF409200B70B6C /* AdaptiveThreshold.swift */; };
		7561D8A81EAD4CE800EBCB2D /* RectDrawerView.swift in Sources */ = {isa = PBXBuildFile; fileRef = 7561D8A71EAD4CE800EBCB2D /* RectDrawerView.swift */; };
		75B3A6131EAAB2D500C36742 /* VideoImageTextureProvider.swift in Sources */ = {isa = PBXBuildFile; fileRef = 75B3A6121EAAB2D500C36742 /* VideoImageTextureProvider.swift */; };
		75B3A6151EAB70D600C36742 /* ImageFiltersChain.swift in Sources */ = {isa = PBXBuildFile; fileRef = 75B3A6141EAB70D600C36742 /* ImageFiltersChain.swift */; };
		75C832E31EA2CC6000C23FE7 /* AppDelegate.swift in Sources */ = {isa = PBXBuildFile; fileRef = 75C832E21EA2CC6000C23FE7 /* AppDelegate.swift */; };
		75C832E51EA2CC6000C23FE7 /* ViewController.swift in Sources */ = {isa = PBXBuildFile; fileRef = 75C832E41EA2CC6000C23FE7 /* ViewController.swift */; };
		75C832E81EA2CC6000C23FE7 /* Main.storyboard in Resources */ = {isa = PBXBuildFile; fileRef = 75C832E61EA2CC6000C23FE7 /* Main.storyboard */; };
		75C832EA1EA2CC6000C23FE7 /* Assets.xcassets in Resources */ = {isa = PBXBuildFile; fileRef = 75C832E91EA2CC6000C23FE7 /* Assets.xcassets */; };
		75C832ED1EA2CC6000C23FE7 /* LaunchScreen.storyboard in Resources */ = {isa = PBXBuildFile; fileRef = 75C832EB1EA2CC6000C23FE7 /* LaunchScreen.storyboard */; };
		75C832F91EA2CC9700C23FE7 /* MetalPerformanceShaders.framework in Frameworks */ = {isa = PBXBuildFile; fileRef = 75C832F81EA2CC9700C23FE7 /* MetalPerformanceShaders.framework */; };
		75D87C9E1EBA274A00284B91 /* DigitCNN.swift in Sources */ = {isa = PBXBuildFile; fileRef = 75D87C9D1EBA274A00284B91 /* DigitCNN.swift */; };
		75D87CA01EBA356900284B91 /* CNNUtils.swift in Sources */ = {isa = PBXBuildFile; fileRef = 75D87C9F1EBA356900284B91 /* CNNUtils.swift */; };
		75D87CF31EBB068900284B91 /* bias_conv1.dat in Resources */ = {isa = PBXBuildFile; fileRef = 75D87CEB1EBB068900284B91 /* bias_conv1.dat */; };
		75D87CF41EBB068900284B91 /* bias_conv2.dat in Resources */ = {isa = PBXBuildFile; fileRef = 75D87CEC1EBB068900284B91 /* bias_conv2.dat */; };
		75D87CF51EBB068900284B91 /* bias_fc1.dat in Resources */ = {isa = PBXBuildFile; fileRef = 75D87CED1EBB068900284B91 /* bias_fc1.dat */; };
		75D87CF61EBB068900284B91 /* bias_fc2.dat in Resources */ = {isa = PBXBuildFile; fileRef = 75D87CEE1EBB068900284B91 /* bias_fc2.dat */; };
		75D87CF71EBB068900284B91 /* weights_conv1.dat in Resources */ = {isa = PBXBuildFile; fileRef = 75D87CEF1EBB068900284B91 /* weights_conv1.dat */; };
		75D87CF81EBB068900284B91 /* weights_conv2.dat in Resources */ = {isa = PBXBuildFile; fileRef = 75D87CF01EBB068900284B91 /* weights_conv2.dat */; };
		75D87CF91EBB068900284B91 /* weights_fc1.dat in Resources */ = {isa = PBXBuildFile; fileRef = 75D87CF11EBB068900284B91 /* weights_fc1.dat */; };
		75D87CFA1EBB068900284B91 /* weights_fc2.dat in Resources */ = {isa = PBXBuildFile; fileRef = 75D87CF21EBB068900284B91 /* weights_fc2.dat */; };
		75D87D001EBC4B3D00284B91 /* ImageUtils.swift in Sources */ = {isa = PBXBuildFile; fileRef = 75D87CFF1EBC4B3D00284B91 /* ImageUtils.swift */; };
		75FB19801EACF5A00042AB96 /* UnionFind.swift in Sources */ = {isa = PBXBuildFile; fileRef = 75FB197F1EACF5A00042AB96 /* UnionFind.swift */; };
		75FB19821EACF7300042AB96 /* ComponentLabeling.swift in Sources */ = {isa = PBXBuildFile; fileRef = 75FB19811EACF7300042AB96 /* ComponentLabeling.swift */; };
/* End PBXBuildFile section */

/* Begin PBXFileReference section */
		753870971EBEEB6A00B70B6C /* AdaptiveThreshold.metal */ = {isa = PBXFileReference; fileEncoding = 4; lastKnownFileType = sourcecode.metal; path = AdaptiveThreshold.metal; sourceTree = "<group>"; };
		753870991EBF409200B70B6C /* AdaptiveThreshold.swift */ = {isa = PBXFileReference; fileEncoding = 4; lastKnownFileType = sourcecode.swift; path = AdaptiveThreshold.swift; sourceTree = "<group>"; };
		7561D8A71EAD4CE800EBCB2D /* RectDrawerView.swift */ = {isa = PBXFileReference; fileEncoding = 4; lastKnownFileType = sourcecode.swift; path = RectDrawerView.swift; sourceTree = "<group>"; };
		75B3A6121EAAB2D500C36742 /* VideoImageTextureProvider.swift */ = {isa = PBXFileReference; fileEncoding = 4; lastKnownFileType = sourcecode.swift; path = VideoImageTextureProvider.swift; sourceTree = "<group>"; };
		75B3A6141EAB70D600C36742 /* ImageFiltersChain.swift */ = {isa = PBXFileReference; fileEncoding = 4; lastKnownFileType = sourcecode.swift; path = ImageFiltersChain.swift; sourceTree = "<group>"; };
		75C832DF1EA2CC6000C23FE7 /* DigitRecognizer.app */ = {isa = PBXFileReference; explicitFileType = wrapper.application; includeInIndex = 0; path = DigitRecognizer.app; sourceTree = BUILT_PRODUCTS_DIR; };
		75C832E21EA2CC6000C23FE7 /* AppDelegate.swift */ = {isa = PBXFileReference; lastKnownFileType = sourcecode.swift; path = AppDelegate.swift; sourceTree = "<group>"; };
		75C832E41EA2CC6000C23FE7 /* ViewController.swift */ = {isa = PBXFileReference; lastKnownFileType = sourcecode.swift; path = ViewController.swift; sourceTree = "<group>"; };
		75C832E71EA2CC6000C23FE7 /* Base */ = {isa = PBXFileReference; lastKnownFileType = file.storyboard; name = Base; path = Base.lproj/Main.storyboard; sourceTree = "<group>"; };
		75C832E91EA2CC6000C23FE7 /* Assets.xcassets */ = {isa = PBXFileReference; lastKnownFileType = folder.assetcatalog; path = Assets.xcassets; sourceTree = "<group>"; };
		75C832EC1EA2CC6000C23FE7 /* Base */ = {isa = PBXFileReference; lastKnownFileType = file.storyboard; name = Base; path = Base.lproj/LaunchScreen.storyboard; sourceTree = "<group>"; };
		75C832EE1EA2CC6000C23FE7 /* Info.plist */ = {isa = PBXFileReference; lastKnownFileType = text.plist.xml; path = Info.plist; sourceTree = "<group>"; };
		75C832F81EA2CC9700C23FE7 /* MetalPerformanceShaders.framework */ = {isa = PBXFileReference; lastKnownFileType = wrapper.framework; name = MetalPerformanceShaders.framework; path = System/Library/Frameworks/MetalPerformanceShaders.framework; sourceTree = SDKROOT; };
		75D87C9D1EBA274A00284B91 /* DigitCNN.swift */ = {isa = PBXFileReference; fileEncoding = 4; lastKnownFileType = sourcecode.swift; path = DigitCNN.swift; sourceTree = "<group>"; };
		75D87C9F1EBA356900284B91 /* CNNUtils.swift */ = {isa = PBXFileReference; fileEncoding = 4; lastKnownFileType = sourcecode.swift; path = CNNUtils.swift; sourceTree = "<group>"; };
		75D87CEB1EBB068900284B91 /* bias_conv1.dat */ = {isa = PBXFileReference; fileEncoding = 4; lastKnownFileType = text; path = bias_conv1.dat; sourceTree = "<group>"; };
		75D87CEC1EBB068900284B91 /* bias_conv2.dat */ = {isa = PBXFileReference; fileEncoding = 4; lastKnownFileType = text; path = bias_conv2.dat; sourceTree = "<group>"; };
		75D87CED1EBB068900284B91 /* bias_fc1.dat */ = {isa = PBXFileReference; lastKnownFileType = file; path = bias_fc1.dat; sourceTree = "<group>"; };
		75D87CEE1EBB068900284B91 /* bias_fc2.dat */ = {isa = PBXFileReference; fileEncoding = 4; lastKnownFileType = text; path = bias_fc2.dat; sourceTree = "<group>"; };
		75D87CEF1EBB068900284B91 /* weights_conv1.dat */ = {isa = PBXFileReference; lastKnownFileType = file; path = weights_conv1.dat; sourceTree = "<group>"; };
		75D87CF01EBB068900284B91 /* weights_conv2.dat */ = {isa = PBXFileReference; lastKnownFileType = file; path = weights_conv2.dat; sourceTree = "<group>"; };
		75D87CF11EBB068900284B91 /* weights_fc1.dat */ = {isa = PBXFileReference; lastKnownFileType = file; path = weights_fc1.dat; sourceTree = "<group>"; };
		75D87CF21EBB068900284B91 /* weights_fc2.dat */ = {isa = PBXFileReference; lastKnownFileType = file; path = weights_fc2.dat; sourceTree = "<group>"; };
		75D87CFF1EBC4B3D00284B91 /* ImageUtils.swift */ = {isa = PBXFileReference; fileEncoding = 4; lastKnownFileType = sourcecode.swift; path = ImageUtils.swift; sourceTree = "<group>"; };
		75FB197F1EACF5A00042AB96 /* UnionFind.swift */ = {isa = PBXFileReference; fileEncoding = 4; lastKnownFileType = sourcecode.swift; path = UnionFind.swift; sourceTree = "<group>"; };
		75FB19811EACF7300042AB96 /* ComponentLabeling.swift */ = {isa = PBXFileReference; fileEncoding = 4; lastKnownFileType = sourcecode.swift; path = ComponentLabeling.swift; sourceTree = "<group>"; };
/* End PBXFileReference section */

/* Begin PBXFrameworksBuildPhase section */
		75C832DC1EA2CC6000C23FE7 /* Frameworks */ = {
			isa = PBXFrameworksBuildPhase;
			buildActionMask = 2147483647;
			files = (
				75C832F91EA2CC9700C23FE7 /* MetalPerformanceShaders.framework in Frameworks */,
			);
			runOnlyForDeploymentPostprocessing = 0;
		};
/* End PBXFrameworksBuildPhase section */

/* Begin PBXGroup section */
		75C832D61EA2CC6000C23FE7 = {
			isa = PBXGroup;
			children = (
				75C832E11EA2CC6000C23FE7 /* DigitRecognizer */,
				75C832E01EA2CC6000C23FE7 /* Products */,
				75C832F71EA2CC9700C23FE7 /* Frameworks */,
			);
			sourceTree = "<group>";
		};
		75C832E01EA2CC6000C23FE7 /* Products */ = {
			isa = PBXGroup;
			children = (
				75C832DF1EA2CC6000C23FE7 /* DigitRecognizer.app */,
			);
			name = Products;
			sourceTree = "<group>";
		};
		75C832E11EA2CC6000C23FE7 /* DigitRecognizer */ = {
			isa = PBXGroup;
			children = (
				75D87CEA1EBB065300284B91 /* Weights */,
				75C832F41EA2CC6700C23FE7 /* Kernels */,
				75FB197E1EACF5780042AB96 /* Component Labeling */,
				75D87C9C1EBA25EA00284B91 /* CNN */,
				75C832E21EA2CC6000C23FE7 /* AppDelegate.swift */,
				75C832E41EA2CC6000C23FE7 /* ViewController.swift */,
				75C832E61EA2CC6000C23FE7 /* Main.storyboard */,
				75C832E91EA2CC6000C23FE7 /* Assets.xcassets */,
				75C832EB1EA2CC6000C23FE7 /* LaunchScreen.storyboard */,
				75C832EE1EA2CC6000C23FE7 /* Info.plist */,
				75B3A6121EAAB2D500C36742 /* VideoImageTextureProvider.swift */,
				7561D8A71EAD4CE800EBCB2D /* RectDrawerView.swift */,
				75D87CFF1EBC4B3D00284B91 /* ImageUtils.swift */,
			);
			path = DigitRecognizer;
			sourceTree = "<group>";
		};
		75C832F41EA2CC6700C23FE7 /* Kernels */ = {
			isa = PBXGroup;
			children = (
				75B3A6141EAB70D600C36742 /* ImageFiltersChain.swift */,
				753870971EBEEB6A00B70B6C /* AdaptiveThreshold.metal */,
				753870991EBF409200B70B6C /* AdaptiveThreshold.swift */,
			);
			path = Kernels;
			sourceTree = "<group>";
		};
		75C832F71EA2CC9700C23FE7 /* Frameworks */ = {
			isa = PBXGroup;
			children = (
				75C832F81EA2CC9700C23FE7 /* MetalPerformanceShaders.framework */,
			);
			name = Frameworks;
			sourceTree = "<group>";
		};
		75D87C9C1EBA25EA00284B91 /* CNN */ = {
			isa = PBXGroup;
			children = (
				75D87C9D1EBA274A00284B91 /* DigitCNN.swift */,
				75D87C9F1EBA356900284B91 /* CNNUtils.swift */,
			);
			path = CNN;
			sourceTree = "<group>";
		};
		75D87CEA1EBB065300284B91 /* Weights */ = {
			isa = PBXGroup;
			children = (
				75D87CEB1EBB068900284B91 /* bias_conv1.dat */,
				75D87CEC1EBB068900284B91 /* bias_conv2.dat */,
				75D87CED1EBB068900284B91 /* bias_fc1.dat */,
				75D87CEE1EBB068900284B91 /* bias_fc2.dat */,
				75D87CEF1EBB068900284B91 /* weights_conv1.dat */,
				75D87CF01EBB068900284B91 /* weights_conv2.dat */,
				75D87CF11EBB068900284B91 /* weights_fc1.dat */,
				75D87CF21EBB068900284B91 /* weights_fc2.dat */,
			);
			path = Weights;
			sourceTree = "<group>";
		};
		75FB197E1EACF5780042AB96 /* Component Labeling */ = {
			isa = PBXGroup;
			children = (
				75FB197F1EACF5A00042AB96 /* UnionFind.swift */,
				75FB19811EACF7300042AB96 /* ComponentLabeling.swift */,
			);
			path = "Component Labeling";
			sourceTree = "<group>";
		};
/* End PBXGroup section */

/* Begin PBXNativeTarget section */
		75C832DE1EA2CC6000C23FE7 /* DigitRecognizer */ = {
			isa = PBXNativeTarget;
			buildConfigurationList = 75C832F11EA2CC6000C23FE7 /* Build configuration list for PBXNativeTarget "DigitRecognizer" */;
			buildPhases = (
				75C832DB1EA2CC6000C23FE7 /* Sources */,
				75C832DC1EA2CC6000C23FE7 /* Frameworks */,
				75C832DD1EA2CC6000C23FE7 /* Resources */,
			);
			buildRules = (
			);
			dependencies = (
			);
			name = DigitRecognizer;
			productName = DigitRecognizer;
			productReference = 75C832DF1EA2CC6000C23FE7 /* DigitRecognizer.app */;
			productType = "com.apple.product-type.application";
		};
/* End PBXNativeTarget section */

/* Begin PBXProject section */
		75C832D71EA2CC6000C23FE7 /* Project object */ = {
			isa = PBXProject;
			attributes = {
				LastSwiftUpdateCheck = 0820;
				LastUpgradeCheck = 0820;
				ORGANIZATIONNAME = "Artur Antonov";
				TargetAttributes = {
					75C832DE1EA2CC6000C23FE7 = {
						CreatedOnToolsVersion = 8.2.1;
						DevelopmentTeam = PR3SF37B87;
						LastSwiftMigration = 0900;
						ProvisioningStyle = Automatic;
					};
				};
			};
			buildConfigurationList = 75C832DA1EA2CC6000C23FE7 /* Build configuration list for PBXProject "DigitRecognizer" */;
			compatibilityVersion = "Xcode 3.2";
			developmentRegion = English;
			hasScannedForEncodings = 0;
			knownRegions = (
				en,
				Base,
			);
			mainGroup = 75C832D61EA2CC6000C23FE7;
			productRefGroup = 75C832E01EA2CC6000C23FE7 /* Products */;
			projectDirPath = "";
			projectRoot = "";
			targets = (
				75C832DE1EA2CC6000C23FE7 /* DigitRecognizer */,
			);
		};
/* End PBXProject section */

/* Begin PBXResourcesBuildPhase section */
		75C832DD1EA2CC6000C23FE7 /* Resources */ = {
			isa = PBXResourcesBuildPhase;
			buildActionMask = 2147483647;
			files = (
				75C832ED1EA2CC6000C23FE7 /* LaunchScreen.storyboard in Resources */,
				75D87CF71EBB068900284B91 /* weights_conv1.dat in Resources */,
				75C832EA1EA2CC6000C23FE7 /* Assets.xcassets in Resources */,
				75D87CF41EBB068900284B91 /* bias_conv2.dat in Resources */,
				75D87CF31EBB068900284B91 /* bias_conv1.dat in Resources */,
				75D87CFA1EBB068900284B91 /* weights_fc2.dat in Resources */,
				75C832E81EA2CC6000C23FE7 /* Main.storyboard in Resources */,
				75D87CF81EBB068900284B91 /* weights_conv2.dat in Resources */,
				75D87CF51EBB068900284B91 /* bias_fc1.dat in Resources */,
				75D87CF91EBB068900284B91 /* weights_fc1.dat in Resources */,
				75D87CF61EBB068900284B91 /* bias_fc2.dat in Resources */,
			);
			runOnlyForDeploymentPostprocessing = 0;
		};
/* End PBXResourcesBuildPhase section */

/* Begin PBXSourcesBuildPhase section */
		75C832DB1EA2CC6000C23FE7 /* Sources */ = {
			isa = PBXSourcesBuildPhase;
			buildActionMask = 2147483647;
			files = (
				75B3A6151EAB70D600C36742 /* ImageFiltersChain.swift in Sources */,
				75D87C9E1EBA274A00284B91 /* DigitCNN.swift in Sources */,
				75B3A6131EAAB2D500C36742 /* VideoImageTextureProvider.swift in Sources */,
				75D87D001EBC4B3D00284B91 /* ImageUtils.swift in Sources */,
				75FB19801EACF5A00042AB96 /* UnionFind.swift in Sources */,
				75FB19821EACF7300042AB96 /* ComponentLabeling.swift in Sources */,
				753870981EBEEB6A00B70B6C /* AdaptiveThreshold.metal in Sources */,
				7561D8A81EAD4CE800EBCB2D /* RectDrawerView.swift in Sources */,
				75C832E51EA2CC6000C23FE7 /* ViewController.swift in Sources */,
				75D87CA01EBA356900284B91 /* CNNUtils.swift in Sources */,
				75C832E31EA2CC6000C23FE7 /* AppDelegate.swift in Sources */,
				7538709A1EBF409200B70B6C /* AdaptiveThreshold.swift in Sources */,
			);
			runOnlyForDeploymentPostprocessing = 0;
		};
/* End PBXSourcesBuildPhase section */

/* Begin PBXVariantGroup section */
		75C832E61EA2CC6000C23FE7 /* Main.storyboard */ = {
			isa = PBXVariantGroup;
			children = (
				75C832E71EA2CC6000C23FE7 /* Base */,
			);
			name = Main.storyboard;
			sourceTree = "<group>";
		};
		75C832EB1EA2CC6000C23FE7 /* LaunchScreen.storyboard */ = {
			isa = PBXVariantGroup;
			children = (
				75C832EC1EA2CC6000C23FE7 /* Base */,
			);
			name = LaunchScreen.storyboard;
			sourceTree = "<group>";
		};
/* End PBXVariantGroup section */

/* Begin XCBuildConfiguration section */
		75C832EF1EA2CC6000C23FE7 /* Debug */ = {
			isa = XCBuildConfiguration;
			buildSettings = {
				ALWAYS_SEARCH_USER_PATHS = NO;
				CLANG_ANALYZER_NONNULL = YES;
				CLANG_CXX_LANGUAGE_STANDARD = "gnu++0x";
				CLANG_CXX_LIBRARY = "libc++";
				CLANG_ENABLE_MODULES = YES;
				CLANG_ENABLE_OBJC_ARC = YES;
				CLANG_WARN_BOOL_CONVERSION = YES;
				CLANG_WARN_CONSTANT_CONVERSION = YES;
				CLANG_WARN_DIRECT_OBJC_ISA_USAGE = YES_ERROR;
				CLANG_WARN_DOCUMENTATION_COMMENTS = YES;
				CLANG_WARN_EMPTY_BODY = YES;
				CLANG_WARN_ENUM_CONVERSION = YES;
				CLANG_WARN_INFINITE_RECURSION = YES;
				CLANG_WARN_INT_CONVERSION = YES;
				CLANG_WARN_OBJC_ROOT_CLASS = YES_ERROR;
				CLANG_WARN_SUSPICIOUS_MOVE = YES;
				CLANG_WARN_UNREACHABLE_CODE = YES;
				CLANG_WARN__DUPLICATE_METHOD_MATCH = YES;
				"CODE_SIGN_IDENTITY[sdk=iphoneos*]" = "iPhone Developer";
				COPY_PHASE_STRIP = NO;
				DEBUG_INFORMATION_FORMAT = dwarf;
				ENABLE_STRICT_OBJC_MSGSEND = YES;
				ENABLE_TESTABILITY = YES;
				GCC_C_LANGUAGE_STANDARD = gnu99;
				GCC_DYNAMIC_NO_PIC = NO;
				GCC_NO_COMMON_BLOCKS = YES;
				GCC_OPTIMIZATION_LEVEL = 0;
				GCC_PREPROCESSOR_DEFINITIONS = (
					"DEBUG=1",
					"$(inherited)",
				);
				GCC_WARN_64_TO_32_BIT_CONVERSION = YES;
				GCC_WARN_ABOUT_RETURN_TYPE = YES_ERROR;
				GCC_WARN_UNDECLARED_SELECTOR = YES;
				GCC_WARN_UNINITIALIZED_AUTOS = YES_AGGRESSIVE;
				GCC_WARN_UNUSED_FUNCTION = YES;
				GCC_WARN_UNUSED_VARIABLE = YES;
				IPHONEOS_DEPLOYMENT_TARGET = 10.2;
				MTL_ENABLE_DEBUG_INFO = YES;
				ONLY_ACTIVE_ARCH = YES;
				SDKROOT = iphoneos;
				SWIFT_ACTIVE_COMPILATION_CONDITIONS = DEBUG;
				SWIFT_OPTIMIZATION_LEVEL = "-Onone";
			};
			name = Debug;
		};
		75C832F01EA2CC6000C23FE7 /* Release */ = {
			isa = XCBuildConfiguration;
			buildSettings = {
				ALWAYS_SEARCH_USER_PATHS = NO;
				CLANG_ANALYZER_NONNULL = YES;
				CLANG_CXX_LANGUAGE_STANDARD = "gnu++0x";
				CLANG_CXX_LIBRARY = "libc++";
				CLANG_ENABLE_MODULES = YES;
				CLANG_ENABLE_OBJC_ARC = YES;
				CLANG_WARN_BOOL_CONVERSION = YES;
				CLANG_WARN_CONSTANT_CONVERSION = YES;
				CLANG_WARN_DIRECT_OBJC_ISA_USAGE = YES_ERROR;
				CLANG_WARN_DOCUMENTATION_COMMENTS = YES;
				CLANG_WARN_EMPTY_BODY = YES;
				CLANG_WARN_ENUM_CONVERSION = YES;
				CLANG_WARN_INFINITE_RECURSION = YES;
				CLANG_WARN_INT_CONVERSION = YES;
				CLANG_WARN_OBJC_ROOT_CLASS = YES_ERROR;
				CLANG_WARN_SUSPICIOUS_MOVE = YES;
				CLANG_WARN_UNREACHABLE_CODE = YES;
				CLANG_WARN__DUPLICATE_METHOD_MATCH = YES;
				"CODE_SIGN_IDENTITY[sdk=iphoneos*]" = "iPhone Developer";
				COPY_PHASE_STRIP = NO;
				DEBUG_INFORMATION_FORMAT = "dwarf-with-dsym";
				ENABLE_NS_ASSERTIONS = NO;
				ENABLE_STRICT_OBJC_MSGSEND = YES;
				GCC_C_LANGUAGE_STANDARD = gnu99;
				GCC_NO_COMMON_BLOCKS = YES;
				GCC_WARN_64_TO_32_BIT_CONVERSION = YES;
				GCC_WARN_ABOUT_RETURN_TYPE = YES_ERROR;
				GCC_WARN_UNDECLARED_SELECTOR = YES;
				GCC_WARN_UNINITIALIZED_AUTOS = YES_AGGRESSIVE;
				GCC_WARN_UNUSED_FUNCTION = YES;
				GCC_WARN_UNUSED_VARIABLE = YES;
				IPHONEOS_DEPLOYMENT_TARGET = 10.2;
				MTL_ENABLE_DEBUG_INFO = NO;
				SDKROOT = iphoneos;
				SWIFT_OPTIMIZATION_LEVEL = "-Owholemodule";
				VALIDATE_PRODUCT = YES;
			};
			name = Release;
		};
		75C832F21EA2CC6000C23FE7 /* Debug */ = {
			isa = XCBuildConfiguration;
			buildSettings = {
				ASSETCATALOG_COMPILER_APPICON_NAME = AppIcon;
				DEVELOPMENT_TEAM = PR3SF37B87;
				INFOPLIST_FILE = DigitRecognizer/Info.plist;
				IPHONEOS_DEPLOYMENT_TARGET = 10.1;
				LD_RUNPATH_SEARCH_PATHS = "$(inherited) @executable_path/Frameworks";
				PRODUCT_BUNDLE_IDENTIFIER = com.aa.DigitRecognizer;
				PRODUCT_NAME = "$(TARGET_NAME)";
				SWIFT_SWIFT3_OBJC_INFERENCE = Off;
				SWIFT_VERSION = 4.0;
			};
			name = Debug;
		};
		75C832F31EA2CC6000C23FE7 /* Release */ = {
			isa = XCBuildConfiguration;
			buildSettings = {
				ASSETCATALOG_COMPILER_APPICON_NAME = AppIcon;
				DEVELOPMENT_TEAM = PR3SF37B87;
				INFOPLIST_FILE = DigitRecognizer/Info.plist;
				IPHONEOS_DEPLOYMENT_TARGET = 10.1;
				LD_RUNPATH_SEARCH_PATHS = "$(inherited) @executable_path/Frameworks";
				PRODUCT_BUNDLE_IDENTIFIER = com.aa.DigitRecognizer;
				PRODUCT_NAME = "$(TARGET_NAME)";
				SWIFT_SWIFT3_OBJC_INFERENCE = Off;
				SWIFT_VERSION = 4.0;
			};
			name = Release;
		};
/* End XCBuildConfiguration section */

/* Begin XCConfigurationList section */
		75C832DA1EA2CC6000C23FE7 /* Build configuration list for PBXProject "DigitRecognizer" */ = {
			isa = XCConfigurationList;
			buildConfigurations = (
				75C832EF1EA2CC6000C23FE7 /* Debug */,
				75C832F01EA2CC6000C23FE7 /* Release */,
			);
			defaultConfigurationIsVisible = 0;
			defaultConfigurationName = Release;
		};
		75C832F11EA2CC6000C23FE7 /* Build configuration list for PBXNativeTarget "DigitRecognizer" */ = {
			isa = XCConfigurationList;
			buildConfigurations = (
				75C832F21EA2CC6000C23FE7 /* Debug */,
				75C832F31EA2CC6000C23FE7 /* Release */,
			);
			defaultConfigurationIsVisible = 0;
			defaultConfigurationName = Release;
		};
/* End XCConfigurationList section */
	};
	rootObject = 75C832D71EA2CC6000C23FE7 /* Project object */;
}
